// !$*UTF8*$!
{
	archiveVersion = 1;
	classes = {
	};
	objectVersion = 56;
	objects = {

/* Begin PBXBuildFile section */
		6C1F79F5290EEE78003E0C2D /* anagrams.framework in Frameworks */ = {isa = PBXBuildFile; fileRef = 6C1F79EC290EEE78003E0C2D /* anagrams.framework */; };
		6C1F79FA290EEE78003E0C2D /* anagramsTests.swift in Sources */ = {isa = PBXBuildFile; fileRef = 6C1F79F9290EEE78003E0C2D /* anagramsTests.swift */; };
		6C1F79FB290EEE78003E0C2D /* anagrams.h in Headers */ = {isa = PBXBuildFile; fileRef = 6C1F79EF290EEE78003E0C2D /* anagrams.h */; settings = {ATTRIBUTES = (Public, ); }; };
		6C1F7A05290F0062003E0C2D /* anagram.swift in Sources */ = {isa = PBXBuildFile; fileRef = 6C1F7A04290F0062003E0C2D /* anagram.swift */; };
		6C1F7A07290F00DC003E0C2D /* searchDictiuonaryTests.swift in Sources */ = {isa = PBXBuildFile; fileRef = 6C1F7A06290F00DC003E0C2D /* searchDictiuonaryTests.swift */; };
		6C1F7A09290F0210003E0C2D /* isAnagramTests.swift in Sources */ = {isa = PBXBuildFile; fileRef = 6C1F7A08290F0210003E0C2D /* isAnagramTests.swift */; };
/* End PBXBuildFile section */

/* Begin PBXContainerItemProxy section */
		6C1F79F6290EEE78003E0C2D /* PBXContainerItemProxy */ = {
			isa = PBXContainerItemProxy;
			containerPortal = 6C1F79E3290EEE78003E0C2D /* Project object */;
			proxyType = 1;
			remoteGlobalIDString = 6C1F79EB290EEE78003E0C2D;
			remoteInfo = anagrams;
		};
/* End PBXContainerItemProxy section */

/* Begin PBXFileReference section */
		6C1F79EC290EEE78003E0C2D /* anagrams.framework */ = {isa = PBXFileReference; explicitFileType = wrapper.framework; includeInIndex = 0; path = anagrams.framework; sourceTree = BUILT_PRODUCTS_DIR; };
		6C1F79EF290EEE78003E0C2D /* anagrams.h */ = {isa = PBXFileReference; lastKnownFileType = sourcecode.c.h; path = anagrams.h; sourceTree = "<group>"; };
		6C1F79F4290EEE78003E0C2D /* anagramsTests.xctest */ = {isa = PBXFileReference; explicitFileType = wrapper.cfbundle; includeInIndex = 0; path = anagramsTests.xctest; sourceTree = BUILT_PRODUCTS_DIR; };
		6C1F79F9290EEE78003E0C2D /* anagramsTests.swift */ = {isa = PBXFileReference; lastKnownFileType = sourcecode.swift; path = anagramsTests.swift; sourceTree = "<group>"; };
		6C1F7A04290F0062003E0C2D /* anagram.swift */ = {isa = PBXFileReference; lastKnownFileType = sourcecode.swift; path = anagram.swift; sourceTree = "<group>"; };
		6C1F7A06290F00DC003E0C2D /* searchDictiuonaryTests.swift */ = {isa = PBXFileReference; lastKnownFileType = sourcecode.swift; path = searchDictiuonaryTests.swift; sourceTree = "<group>"; };
		6C1F7A08290F0210003E0C2D /* isAnagramTests.swift */ = {isa = PBXFileReference; lastKnownFileType = sourcecode.swift; path = isAnagramTests.swift; sourceTree = "<group>"; };
/* End PBXFileReference section */

/* Begin PBXFrameworksBuildPhase section */
		6C1F79E9290EEE78003E0C2D /* Frameworks */ = {
			isa = PBXFrameworksBuildPhase;
			buildActionMask = 2147483647;
			files = (
			);
			runOnlyForDeploymentPostprocessing = 0;
		};
		6C1F79F1290EEE78003E0C2D /* Frameworks */ = {
			isa = PBXFrameworksBuildPhase;
			buildActionMask = 2147483647;
			files = (
				6C1F79F5290EEE78003E0C2D /* anagrams.framework in Frameworks */,
			);
			runOnlyForDeploymentPostprocessing = 0;
		};
/* End PBXFrameworksBuildPhase section */

/* Begin PBXGroup section */
		6C1F79E2290EEE78003E0C2D = {
			isa = PBXGroup;
			children = (
				6C1F79EE290EEE78003E0C2D /* anagrams */,
				6C1F79F8290EEE78003E0C2D /* anagramsTests */,
				6C1F79ED290EEE78003E0C2D /* Products */,
			);
			sourceTree = "<group>";
		};
		6C1F79ED290EEE78003E0C2D /* Products */ = {
			isa = PBXGroup;
			children = (
				6C1F79EC290EEE78003E0C2D /* anagrams.framework */,
				6C1F79F4290EEE78003E0C2D /* anagramsTests.xctest */,
			);
			name = Products;
			sourceTree = "<group>";
		};
		6C1F79EE290EEE78003E0C2D /* anagrams */ = {
			isa = PBXGroup;
			children = (
				6C1F79EF290EEE78003E0C2D /* anagrams.h */,
				6C1F7A04290F0062003E0C2D /* anagram.swift */,
			);
			path = anagrams;
			sourceTree = "<group>";
		};
		6C1F79F8290EEE78003E0C2D /* anagramsTests */ = {
			isa = PBXGroup;
			children = (
				6C1F79F9290EEE78003E0C2D /* anagramsTests.swift */,
				6C1F7A06290F00DC003E0C2D /* searchDictiuonaryTests.swift */,
				6C1F7A08290F0210003E0C2D /* isAnagramTests.swift */,
			);
			path = anagramsTests;
			sourceTree = "<group>";
		};
/* End PBXGroup section */

/* Begin PBXHeadersBuildPhase section */
		6C1F79E7290EEE78003E0C2D /* Headers */ = {
			isa = PBXHeadersBuildPhase;
			buildActionMask = 2147483647;
			files = (
				6C1F79FB290EEE78003E0C2D /* anagrams.h in Headers */,
			);
			runOnlyForDeploymentPostprocessing = 0;
		};
/* End PBXHeadersBuildPhase section */

/* Begin PBXNativeTarget section */
		6C1F79EB290EEE78003E0C2D /* anagrams */ = {
			isa = PBXNativeTarget;
			buildConfigurationList = 6C1F79FE290EEE78003E0C2D /* Build configuration list for PBXNativeTarget "anagrams" */;
			buildPhases = (
				6C1F79E7290EEE78003E0C2D /* Headers */,
				6C1F79E8290EEE78003E0C2D /* Sources */,
				6C1F79E9290EEE78003E0C2D /* Frameworks */,
				6C1F79EA290EEE78003E0C2D /* Resources */,
			);
			buildRules = (
			);
			dependencies = (
			);
			name = anagrams;
			productName = anagrams;
			productReference = 6C1F79EC290EEE78003E0C2D /* anagrams.framework */;
			productType = "com.apple.product-type.framework";
		};
		6C1F79F3290EEE78003E0C2D /* anagramsTests */ = {
			isa = PBXNativeTarget;
			buildConfigurationList = 6C1F7A01290EEE78003E0C2D /* Build configuration list for PBXNativeTarget "anagramsTests" */;
			buildPhases = (
				6C1F79F0290EEE78003E0C2D /* Sources */,
				6C1F79F1290EEE78003E0C2D /* Frameworks */,
				6C1F79F2290EEE78003E0C2D /* Resources */,
			);
			buildRules = (
			);
			dependencies = (
				6C1F79F7290EEE78003E0C2D /* PBXTargetDependency */,
			);
			name = anagramsTests;
			productName = anagramsTests;
			productReference = 6C1F79F4290EEE78003E0C2D /* anagramsTests.xctest */;
			productType = "com.apple.product-type.bundle.unit-test";
		};
/* End PBXNativeTarget section */

/* Begin PBXProject section */
		6C1F79E3290EEE78003E0C2D /* Project object */ = {
			isa = PBXProject;
			attributes = {
				BuildIndependentTargetsInParallel = 1;
				LastSwiftUpdateCheck = 1400;
				LastUpgradeCheck = 1400;
				TargetAttributes = {
					6C1F79EB290EEE78003E0C2D = {
						CreatedOnToolsVersion = 14.0.1;
						LastSwiftMigration = 1400;
					};
					6C1F79F3290EEE78003E0C2D = {
						CreatedOnToolsVersion = 14.0.1;
					};
				};
			};
			buildConfigurationList = 6C1F79E6290EEE78003E0C2D /* Build configuration list for PBXProject "anagrams" */;
			compatibilityVersion = "Xcode 14.0";
			developmentRegion = en;
			hasScannedForEncodings = 0;
			knownRegions = (
				en,
				Base,
			);
			mainGroup = 6C1F79E2290EEE78003E0C2D;
			productRefGroup = 6C1F79ED290EEE78003E0C2D /* Products */;
			projectDirPath = "";
			projectRoot = "";
			targets = (
				6C1F79EB290EEE78003E0C2D /* anagrams */,
				6C1F79F3290EEE78003E0C2D /* anagramsTests */,
			);
		};
/* End PBXProject section */

/* Begin PBXResourcesBuildPhase section */
		6C1F79EA290EEE78003E0C2D /* Resources */ = {
			isa = PBXResourcesBuildPhase;
			buildActionMask = 2147483647;
			files = (
			);
			runOnlyForDeploymentPostprocessing = 0;
		};
		6C1F79F2290EEE78003E0C2D /* Resources */ = {
			isa = PBXResourcesBuildPhase;
			buildActionMask = 2147483647;
			files = (
			);
			runOnlyForDeploymentPostprocessing = 0;
		};
/* End PBXResourcesBuildPhase section */

/* Begin PBXSourcesBuildPhase section */
		6C1F79E8290EEE78003E0C2D /* Sources */ = {
			isa = PBXSourcesBuildPhase;
			buildActionMask = 2147483647;
			files = (
				6C1F7A05290F0062003E0C2D /* anagram.swift in Sources */,
			);
			runOnlyForDeploymentPostprocessing = 0;
		};
		6C1F79F0290EEE78003E0C2D /* Sources */ = {
			isa = PBXSourcesBuildPhase;
			buildActionMask = 2147483647;
			files = (
				6C1F79FA290EEE78003E0C2D /* anagramsTests.swift in Sources */,
				6C1F7A07290F00DC003E0C2D /* searchDictiuonaryTests.swift in Sources */,
				6C1F7A09290F0210003E0C2D /* isAnagramTests.swift in Sources */,
			);
			runOnlyForDeploymentPostprocessing = 0;
		};
/* End PBXSourcesBuildPhase section */

/* Begin PBXTargetDependency section */
		6C1F79F7290EEE78003E0C2D /* PBXTargetDependency */ = {
			isa = PBXTargetDependency;
			target = 6C1F79EB290EEE78003E0C2D /* anagrams */;
			targetProxy = 6C1F79F6290EEE78003E0C2D /* PBXContainerItemProxy */;
		};
/* End PBXTargetDependency section */

/* Begin XCBuildConfiguration section */
		6C1F79FC290EEE78003E0C2D /* Debug */ = {
			isa = XCBuildConfiguration;
			buildSettings = {
				ALWAYS_SEARCH_USER_PATHS = NO;
				CLANG_ANALYZER_NONNULL = YES;
				CLANG_ANALYZER_NUMBER_OBJECT_CONVERSION = YES_AGGRESSIVE;
				CLANG_CXX_LANGUAGE_STANDARD = "gnu++20";
				CLANG_ENABLE_MODULES = YES;
				CLANG_ENABLE_OBJC_ARC = YES;
				CLANG_ENABLE_OBJC_WEAK = YES;
				CLANG_WARN_BLOCK_CAPTURE_AUTORELEASING = YES;
				CLANG_WARN_BOOL_CONVERSION = YES;
				CLANG_WARN_COMMA = YES;
				CLANG_WARN_CONSTANT_CONVERSION = YES;
				CLANG_WARN_DEPRECATED_OBJC_IMPLEMENTATIONS = YES;
				CLANG_WARN_DIRECT_OBJC_ISA_USAGE = YES_ERROR;
				CLANG_WARN_DOCUMENTATION_COMMENTS = YES;
				CLANG_WARN_EMPTY_BODY = YES;
				CLANG_WARN_ENUM_CONVERSION = YES;
				CLANG_WARN_INFINITE_RECURSION = YES;
				CLANG_WARN_INT_CONVERSION = YES;
				CLANG_WARN_NON_LITERAL_NULL_CONVERSION = YES;
				CLANG_WARN_OBJC_IMPLICIT_RETAIN_SELF = YES;
				CLANG_WARN_OBJC_LITERAL_CONVERSION = YES;
				CLANG_WARN_OBJC_ROOT_CLASS = YES_ERROR;
				CLANG_WARN_QUOTED_INCLUDE_IN_FRAMEWORK_HEADER = YES;
				CLANG_WARN_RANGE_LOOP_ANALYSIS = YES;
				CLANG_WARN_STRICT_PROTOTYPES = YES;
				CLANG_WARN_SUSPICIOUS_MOVE = YES;
				CLANG_WARN_UNGUARDED_AVAILABILITY = YES_AGGRESSIVE;
				CLANG_WARN_UNREACHABLE_CODE = YES;
				CLANG_WARN__DUPLICATE_METHOD_MATCH = YES;
				COPY_PHASE_STRIP = NO;
				CURRENT_PROJECT_VERSION = 1;
				DEBUG_INFORMATION_FORMAT = dwarf;
				ENABLE_STRICT_OBJC_MSGSEND = YES;
				ENABLE_TESTABILITY = YES;
				GCC_C_LANGUAGE_STANDARD = gnu11;
				GCC_DYNAMIC_NO_PIC = NO;
				GCC_NO_COMMON_BLOCKS = YES;
				GCC_OPTIMIZATION_LEVEL = 0;
				GCC_PREPROCESSOR_DEFINITIONS = (
					"DEBUG=1",
					"$(inherited)",
				);
				GCC_WARN_64_TO_32_BIT_CONVERSION = YES;
				GCC_WARN_ABOUT_RETURN_TYPE = YES_ERROR;
				GCC_WARN_UNDECLARED_SELECTOR = YES;
				GCC_WARN_UNINITIALIZED_AUTOS = YES_AGGRESSIVE;
				GCC_WARN_UNUSED_FUNCTION = YES;
				GCC_WARN_UNUSED_VARIABLE = YES;
				MACOSX_DEPLOYMENT_TARGET = 12.3;
				MTL_ENABLE_DEBUG_INFO = INCLUDE_SOURCE;
				MTL_FAST_MATH = YES;
				ONLY_ACTIVE_ARCH = YES;
				SDKROOT = macosx;
				SWIFT_ACTIVE_COMPILATION_CONDITIONS = DEBUG;
				SWIFT_OPTIMIZATION_LEVEL = "-Onone";
				VERSIONING_SYSTEM = "apple-generic";
				VERSION_INFO_PREFIX = "";
			};
			name = Debug;
		};
		6C1F79FD290EEE78003E0C2D /* Release */ = {
			isa = XCBuildConfiguration;
			buildSettings = {
				ALWAYS_SEARCH_USER_PATHS = NO;
				CLANG_ANALYZER_NONNULL = YES;
				CLANG_ANALYZER_NUMBER_OBJECT_CONVERSION = YES_AGGRESSIVE;
				CLANG_CXX_LANGUAGE_STANDARD = "gnu++20";
				CLANG_ENABLE_MODULES = YES;
				CLANG_ENABLE_OBJC_ARC = YES;
				CLANG_ENABLE_OBJC_WEAK = YES;
				CLANG_WARN_BLOCK_CAPTURE_AUTORELEASING = YES;
				CLANG_WARN_BOOL_CONVERSION = YES;
				CLANG_WARN_COMMA = YES;
				CLANG_WARN_CONSTANT_CONVERSION = YES;
				CLANG_WARN_DEPRECATED_OBJC_IMPLEMENTATIONS = YES;
				CLANG_WARN_DIRECT_OBJC_ISA_USAGE = YES_ERROR;
				CLANG_WARN_DOCUMENTATION_COMMENTS = YES;
				CLANG_WARN_EMPTY_BODY = YES;
				CLANG_WARN_ENUM_CONVERSION = YES;
				CLANG_WARN_INFINITE_RECURSION = YES;
				CLANG_WARN_INT_CONVERSION = YES;
				CLANG_WARN_NON_LITERAL_NULL_CONVERSION = YES;
				CLANG_WARN_OBJC_IMPLICIT_RETAIN_SELF = YES;
				CLANG_WARN_OBJC_LITERAL_CONVERSION = YES;
				CLANG_WARN_OBJC_ROOT_CLASS = YES_ERROR;
				CLANG_WARN_QUOTED_INCLUDE_IN_FRAMEWORK_HEADER = YES;
				CLANG_WARN_RANGE_LOOP_ANALYSIS = YES;
				CLANG_WARN_STRICT_PROTOTYPES = YES;
				CLANG_WARN_SUSPICIOUS_MOVE = YES;
				CLANG_WARN_UNGUARDED_AVAILABILITY = YES_AGGRESSIVE;
				CLANG_WARN_UNREACHABLE_CODE = YES;
				CLANG_WARN__DUPLICATE_METHOD_MATCH = YES;
				COPY_PHASE_STRIP = NO;
				CURRENT_PROJECT_VERSION = 1;
				DEBUG_INFORMATION_FORMAT = "dwarf-with-dsym";
				ENABLE_NS_ASSERTIONS = NO;
				ENABLE_STRICT_OBJC_MSGSEND = YES;
				GCC_C_LANGUAGE_STANDARD = gnu11;
				GCC_NO_COMMON_BLOCKS = YES;
				GCC_WARN_64_TO_32_BIT_CONVERSION = YES;
				GCC_WARN_ABOUT_RETURN_TYPE = YES_ERROR;
				GCC_WARN_UNDECLARED_SELECTOR = YES;
				GCC_WARN_UNINITIALIZED_AUTOS = YES_AGGRESSIVE;
				GCC_WARN_UNUSED_FUNCTION = YES;
				GCC_WARN_UNUSED_VARIABLE = YES;
				MACOSX_DEPLOYMENT_TARGET = 12.3;
				MTL_ENABLE_DEBUG_INFO = NO;
				MTL_FAST_MATH = YES;
				SDKROOT = macosx;
				SWIFT_COMPILATION_MODE = wholemodule;
				SWIFT_OPTIMIZATION_LEVEL = "-O";
				VERSIONING_SYSTEM = "apple-generic";
				VERSION_INFO_PREFIX = "";
			};
			name = Release;
		};
		6C1F79FF290EEE78003E0C2D /* Debug */ = {
			isa = XCBuildConfiguration;
			buildSettings = {
				CLANG_ENABLE_MODULES = YES;
				CODE_SIGN_STYLE = Automatic;
				COMBINE_HIDPI_IMAGES = YES;
				CURRENT_PROJECT_VERSION = 1;
				DEFINES_MODULE = YES;
				DYLIB_COMPATIBILITY_VERSION = 1;
				DYLIB_CURRENT_VERSION = 1;
				DYLIB_INSTALL_NAME_BASE = "@rpath";
				GENERATE_INFOPLIST_FILE = YES;
				INFOPLIST_KEY_NSHumanReadableCopyright = "";
				INSTALL_PATH = "$(LOCAL_LIBRARY_DIR)/Frameworks";
				LD_RUNPATH_SEARCH_PATHS = (
					"$(inherited)",
					"@executable_path/../Frameworks",
					"@loader_path/Frameworks",
				);
				MARKETING_VERSION = 1.0;
				PRODUCT_BUNDLE_IDENTIFIER = com.olukra.anagrams;
				PRODUCT_NAME = "$(TARGET_NAME:c99extidentifier)";
				SKIP_INSTALL = YES;
				SWIFT_EMIT_LOC_STRINGS = YES;
				SWIFT_OPTIMIZATION_LEVEL = "-Onone";
				SWIFT_VERSION = 5.0;
			};
			name = Debug;
		};
		6C1F7A00290EEE78003E0C2D /* Release */ = {
			isa = XCBuildConfiguration;
			buildSettings = {
				CLANG_ENABLE_MODULES = YES;
				CODE_SIGN_STYLE = Automatic;
				COMBINE_HIDPI_IMAGES = YES;
				CURRENT_PROJECT_VERSION = 1;
				DEFINES_MODULE = YES;
				DYLIB_COMPATIBILITY_VERSION = 1;
				DYLIB_CURRENT_VERSION = 1;
				DYLIB_INSTALL_NAME_BASE = "@rpath";
				GENERATE_INFOPLIST_FILE = YES;
				INFOPLIST_KEY_NSHumanReadableCopyright = "";
				INSTALL_PATH = "$(LOCAL_LIBRARY_DIR)/Frameworks";
				LD_RUNPATH_SEARCH_PATHS = (
					"$(inherited)",
					"@executable_path/../Frameworks",
					"@loader_path/Frameworks",
				);
				MARKETING_VERSION = 1.0;
				PRODUCT_BUNDLE_IDENTIFIER = com.olukra.anagrams;
				PRODUCT_NAME = "$(TARGET_NAME:c99extidentifier)";
				SKIP_INSTALL = YES;
				SWIFT_EMIT_LOC_STRINGS = YES;
				SWIFT_VERSION = 5.0;
			};
			name = Release;
		};
		6C1F7A02290EEE78003E0C2D /* Debug */ = {
			isa = XCBuildConfiguration;
			buildSettings = {
				ALWAYS_EMBED_SWIFT_STANDARD_LIBRARIES = YES;
				CODE_SIGN_STYLE = Automatic;
				CURRENT_PROJECT_VERSION = 1;
				GENERATE_INFOPLIST_FILE = YES;
				MARKETING_VERSION = 1.0;
				PRODUCT_BUNDLE_IDENTIFIER = com.olukra.anagramsTests;
				PRODUCT_NAME = "$(TARGET_NAME)";
				SWIFT_EMIT_LOC_STRINGS = NO;
				SWIFT_VERSION = 5.0;
			};
			name = Debug;
		};
		6C1F7A03290EEE78003E0C2D /* Release */ = {
			isa = XCBuildConfiguration;
			buildSettings = {
				ALWAYS_EMBED_SWIFT_STANDARD_LIBRARIES = YES;
				CODE_SIGN_STYLE = Automatic;
				CURRENT_PROJECT_VERSION = 1;
				GENERATE_INFOPLIST_FILE = YES;
				MARKETING_VERSION = 1.0;
				PRODUCT_BUNDLE_IDENTIFIER = com.olukra.anagramsTests;
				PRODUCT_NAME = "$(TARGET_NAME)";
				SWIFT_EMIT_LOC_STRINGS = NO;
				SWIFT_VERSION = 5.0;
			};
			name = Release;
		};
/* End XCBuildConfiguration section */

/* Begin XCConfigurationList section */
		6C1F79E6290EEE78003E0C2D /* Build configuration list for PBXProject "anagrams" */ = {
			isa = XCConfigurationList;
			buildConfigurations = (
				6C1F79FC290EEE78003E0C2D /* Debug */,
				6C1F79FD290EEE78003E0C2D /* Release */,
			);
			defaultConfigurationIsVisible = 0;
			defaultConfigurationName = Release;
		};
		6C1F79FE290EEE78003E0C2D /* Build configuration list for PBXNativeTarget "anagrams" */ = {
			isa = XCConfigurationList;
			buildConfigurations = (
				6C1F79FF290EEE78003E0C2D /* Debug */,
				6C1F7A00290EEE78003E0C2D /* Release */,
			);
			defaultConfigurationIsVisible = 0;
			defaultConfigurationName = Release;
		};
		6C1F7A01290EEE78003E0C2D /* Build configuration list for PBXNativeTarget "anagramsTests" */ = {
			isa = XCConfigurationList;
			buildConfigurations = (
				6C1F7A02290EEE78003E0C2D /* Debug */,
				6C1F7A03290EEE78003E0C2D /* Release */,
			);
			defaultConfigurationIsVisible = 0;
			defaultConfigurationName = Release;
		};
/* End XCConfigurationList section */
	};
	rootObject = 6C1F79E3290EEE78003E0C2D /* Project object */;
}
